
Microsoft Visual Studio Solution File, Format Version 12.00
# Visual Studio Version 17
VisualStudioVersion = 17.0.31903.59
MinimumVisualStudioVersion = 10.0.40219.1
Project("{2150E333-8FDC-42A3-9474-1A3956D46DE8}") = "src", "src", "{97EEED55-E1FB-4A0F-8297-96E6B6335E0F}"
EndProject
Project("{FAE04EC0-301F-11D3-BF4B-00C04F79EFBC}") = "DataVaultDotNet.Core", "src\DataVaultDotNet.Core\DataVaultDotNet.Core.csproj", "{0637D455-620F-407A-8C4B-5A828AC2C57D}"
EndProject
Project("{FAE04EC0-301F-11D3-BF4B-00C04F79EFBC}") = "DataVaultDotNet.SqlServer", "src\DataVaultDotNet.SqlServer\DataVaultDotNet.SqlServer.csproj", "{EDC159C7-03E4-4581-A4DB-57FC9F7624C0}"
EndProject
Project("{FAE04EC0-301F-11D3-BF4B-00C04F79EFBC}") = "DataVaultDotNet.Snowflake", "src\DataVaultDotNet.Snowflake\DataVaultDotNet.Snowflake.csproj", "{6FE7A1FC-2DB9-4C6F-A6D7-3ECF58E98404}"
EndProject
Project("{FAE04EC0-301F-11D3-BF4B-00C04F79EFBC}") = "DataVaultDotNet.Cli", "src\DataVaultDotNet.Cli\DataVaultDotNet.Cli.csproj", "{93D30480-F775-498F-AFAA-C13F225AA1EC}"
EndProject
Project("{FAE04EC0-301F-11D3-BF4B-00C04F79EFBC}") = "DataVaultDotNet.Examples", "src\DataVaultDotNet.Examples\DataVaultDotNet.Examples.csproj", "{55BDEA83-CB38-4849-B536-9B158EACF7CD}"
EndProject
Project("{2150E333-8FDC-42A3-9474-1A3956D46DE8}") = "tests", "tests", "{117C8185-C331-4CC1-ABE4-BEBD48ED2ACD}"
EndProject
Project("{FAE04EC0-301F-11D3-BF4B-00C04F79EFBC}") = "DataVaultDotNet.Core.Tests", "tests\DataVaultDotNet.Core.Tests\DataVaultDotNet.Core.Tests.csproj", "{07076272-44FB-4927-B0DB-FDEA1BFFEA2A}"
EndProject
Project("{FAE04EC0-301F-11D3-BF4B-00C04F79EFBC}") = "DataVaultDotNet.Specs", "tests\DataVaultDotNet.Specs\DataVaultDotNet.Specs.csproj", "{CD271F17-7B33-4DAA-BED0-F319278310E1}"
EndProject
Project("{9A19103F-16F7-4668-BE54-9A1E7A4F7556}") = "_build", "build\_build.csproj", "{9143845B-B60F-420E-98D5-82AD2D9660E9}"
EndProject
Global
	GlobalSection(SolutionConfigurationPlatforms) = preSolution
		Debug|Any CPU = Debug|Any CPU
		Release|Any CPU = Release|Any CPU
	EndGlobalSection
	GlobalSection(SolutionProperties) = preSolution
		HideSolutionNode = FALSE
	EndGlobalSection
	GlobalSection(ProjectConfigurationPlatforms) = postSolution
		{9143845B-B60F-420E-98D5-82AD2D9660E9}.Debug|Any CPU.ActiveCfg = Debug|Any CPU
		{9143845B-B60F-420E-98D5-82AD2D9660E9}.Release|Any CPU.ActiveCfg = Release|Any CPU
		{0637D455-620F-407A-8C4B-5A828AC2C57D}.Debug|Any CPU.ActiveCfg = Debug|Any CPU
		{0637D455-620F-407A-8C4B-5A828AC2C57D}.Debug|Any CPU.Build.0 = Debug|Any CPU
		{0637D455-620F-407A-8C4B-5A828AC2C57D}.Release|Any CPU.ActiveCfg = Release|Any CPU
		{0637D455-620F-407A-8C4B-5A828AC2C57D}.Release|Any CPU.Build.0 = Release|Any CPU
		{EDC159C7-03E4-4581-A4DB-57FC9F7624C0}.Debug|Any CPU.ActiveCfg = Debug|Any CPU
		{EDC159C7-03E4-4581-A4DB-57FC9F7624C0}.Debug|Any CPU.Build.0 = Debug|Any CPU
		{EDC159C7-03E4-4581-A4DB-57FC9F7624C0}.Release|Any CPU.ActiveCfg = Release|Any CPU
		{EDC159C7-03E4-4581-A4DB-57FC9F7624C0}.Release|Any CPU.Build.0 = Release|Any CPU
		{6FE7A1FC-2DB9-4C6F-A6D7-3ECF58E98404}.Debug|Any CPU.ActiveCfg = Debug|Any CPU
		{6FE7A1FC-2DB9-4C6F-A6D7-3ECF58E98404}.Debug|Any CPU.Build.0 = Debug|Any CPU
		{6FE7A1FC-2DB9-4C6F-A6D7-3ECF58E98404}.Release|Any CPU.ActiveCfg = Release|Any CPU
		{6FE7A1FC-2DB9-4C6F-A6D7-3ECF58E98404}.Release|Any CPU.Build.0 = Release|Any CPU
		{93D30480-F775-498F-AFAA-C13F225AA1EC}.Debug|Any CPU.ActiveCfg = Debug|Any CPU
		{93D30480-F775-498F-AFAA-C13F225AA1EC}.Debug|Any CPU.Build.0 = Debug|Any CPU
		{93D30480-F775-498F-AFAA-C13F225AA1EC}.Release|Any CPU.ActiveCfg = Release|Any CPU
		{93D30480-F775-498F-AFAA-C13F225AA1EC}.Release|Any CPU.Build.0 = Release|Any CPU
		{55BDEA83-CB38-4849-B536-9B158EACF7CD}.Debug|Any CPU.ActiveCfg = Debug|Any CPU
		{55BDEA83-CB38-4849-B536-9B158EACF7CD}.Debug|Any CPU.Build.0 = Debug|Any CPU
		{55BDEA83-CB38-4849-B536-9B158EACF7CD}.Release|Any CPU.ActiveCfg = Release|Any CPU
		{55BDEA83-CB38-4849-B536-9B158EACF7CD}.Release|Any CPU.Build.0 = Release|Any CPU
		{07076272-44FB-4927-B0DB-FDEA1BFFEA2A}.Debug|Any CPU.ActiveCfg = Debug|Any CPU
		{07076272-44FB-4927-B0DB-FDEA1BFFEA2A}.Debug|Any CPU.Build.0 = Debug|Any CPU
		{07076272-44FB-4927-B0DB-FDEA1BFFEA2A}.Release|Any CPU.ActiveCfg = Release|Any CPU
		{07076272-44FB-4927-B0DB-FDEA1BFFEA2A}.Release|Any CPU.Build.0 = Release|Any CPU
		{CD271F17-7B33-4DAA-BED0-F319278310E1}.Debug|Any CPU.ActiveCfg = Debug|Any CPU
		{CD271F17-7B33-4DAA-BED0-F319278310E1}.Debug|Any CPU.Build.0 = Debug|Any CPU
		{CD271F17-7B33-4DAA-BED0-F319278310E1}.Release|Any CPU.ActiveCfg = Release|Any CPU
		{CD271F17-7B33-4DAA-BED0-F319278310E1}.Release|Any CPU.Build.0 = Release|Any CPU
	EndGlobalSection
	GlobalSection(NestedProjects) = preSolution
		{0637D455-620F-407A-8C4B-5A828AC2C57D} = {97EEED55-E1FB-4A0F-8297-96E6B6335E0F}
		{EDC159C7-03E4-4581-A4DB-57FC9F7624C0} = {97EEED55-E1FB-4A0F-8297-96E6B6335E0F}
		{6FE7A1FC-2DB9-4C6F-A6D7-3ECF58E98404} = {97EEED55-E1FB-4A0F-8297-96E6B6335E0F}
		{93D30480-F775-498F-AFAA-C13F225AA1EC} = {97EEED55-E1FB-4A0F-8297-96E6B6335E0F}
		{55BDEA83-CB38-4849-B536-9B158EACF7CD} = {97EEED55-E1FB-4A0F-8297-96E6B6335E0F}
		{07076272-44FB-4927-B0DB-FDEA1BFFEA2A} = {117C8185-C331-4CC1-ABE4-BEBD48ED2ACD}
		{CD271F17-7B33-4DAA-BED0-F319278310E1} = {117C8185-C331-4CC1-ABE4-BEBD48ED2ACD}
	EndGlobalSection
EndGlobal
